// !$*UTF8*$!
{
	archiveVersion = 1;
	classes = {
	};
	objectVersion = 46;
	objects = {

/* Begin PBXBuildFile section */
		8403EFAE1CD045E1008F8A06 /* main.m in Sources */ = {isa = PBXBuildFile; fileRef = 8403EFAD1CD045E1008F8A06 /* main.m */; };
		8403EFB11CD045E1008F8A06 /* AppDelegate.m in Sources */ = {isa = PBXBuildFile; fileRef = 8403EFB01CD045E1008F8A06 /* AppDelegate.m */; };
		8403EFB41CD045E1008F8A06 /* ViewController.m in Sources */ = {isa = PBXBuildFile; fileRef = 8403EFB31CD045E1008F8A06 /* ViewController.m */; };
		8403EFB71CD045E1008F8A06 /* Main.storyboard in Resources */ = {isa = PBXBuildFile; fileRef = 8403EFB51CD045E1008F8A06 /* Main.storyboard */; };
		8403EFB91CD045E1008F8A06 /* Assets.xcassets in Resources */ = {isa = PBXBuildFile; fileRef = 8403EFB81CD045E1008F8A06 /* Assets.xcassets */; };
		8403EFBC1CD045E1008F8A06 /* LaunchScreen.storyboard in Resources */ = {isa = PBXBuildFile; fileRef = 8403EFBA1CD045E1008F8A06 /* LaunchScreen.storyboard */; };
		8403EFC71CD045E1008F8A06 /* PlantBoxTests.m in Sources */ = {isa = PBXBuildFile; fileRef = 8403EFC61CD045E1008F8A06 /* PlantBoxTests.m */; };
		8403EFD21CD045E1008F8A06 /* PlantBoxUITests.m in Sources */ = {isa = PBXBuildFile; fileRef = 8403EFD11CD045E1008F8A06 /* PlantBoxUITests.m */; };
		8403F0251CD21C0A008F8A06 /* LoginViewController.m in Sources */ = {isa = PBXBuildFile; fileRef = 8403F0211CD21C0A008F8A06 /* LoginViewController.m */; };
		8403F0261CD21C0A008F8A06 /* LoginViewController.xib in Resources */ = {isa = PBXBuildFile; fileRef = 8403F0221CD21C0A008F8A06 /* LoginViewController.xib */; };
		8403F0271CD21C0A008F8A06 /* RootTabbarController.m in Sources */ = {isa = PBXBuildFile; fileRef = 8403F0241CD21C0A008F8A06 /* RootTabbarController.m */; };
		84981E631CD4BCE30024D414 /* HomeViewController.m in Sources */ = {isa = PBXBuildFile; fileRef = 84981E611CD4BCE30024D414 /* HomeViewController.m */; };
		84981E641CD4BCE30024D414 /* HomeViewController.xib in Resources */ = {isa = PBXBuildFile; fileRef = 84981E621CD4BCE30024D414 /* HomeViewController.xib */; };
		84981E681CD4BD270024D414 /* MineViewController.m in Sources */ = {isa = PBXBuildFile; fileRef = 84981E661CD4BD270024D414 /* MineViewController.m */; };
		84981E691CD4BD270024D414 /* MineViewController.xib in Resources */ = {isa = PBXBuildFile; fileRef = 84981E671CD4BD270024D414 /* MineViewController.xib */; };
		84981E6D1CD4BD350024D414 /* MessageViewController.m in Sources */ = {isa = PBXBuildFile; fileRef = 84981E6B1CD4BD350024D414 /* MessageViewController.m */; };
		84981E6E1CD4BD350024D414 /* MessageViewController.xib in Resources */ = {isa = PBXBuildFile; fileRef = 84981E6C1CD4BD350024D414 /* MessageViewController.xib */; };
		84981E721CD4BD640024D414 /* NearViewController.m in Sources */ = {isa = PBXBuildFile; fileRef = 84981E701CD4BD640024D414 /* NearViewController.m */; };
		84981E731CD4BD640024D414 /* NearViewController.xib in Resources */ = {isa = PBXBuildFile; fileRef = 84981E711CD4BD640024D414 /* NearViewController.xib */; };
		84A3407E1CD61E6800E0123F /* touxiang_login.png in Resources */ = {isa = PBXBuildFile; fileRef = 84A340721CD61E6800E0123F /* touxiang_login.png */; };
		84A3407F1CD61E6800E0123F /* password_login.png in Resources */ = {isa = PBXBuildFile; fileRef = 84A340731CD61E6800E0123F /* password_login.png */; };
		84A340801CD61E6800E0123F /* remember_login.png in Resources */ = {isa = PBXBuildFile; fileRef = 84A340741CD61E6800E0123F /* remember_login.png */; };
		84A340811CD61E6800E0123F /* name_login.png in Resources */ = {isa = PBXBuildFile; fileRef = 84A340751CD61E6800E0123F /* name_login.png */; };
		84A340821CD61E6800E0123F /* weixin.png in Resources */ = {isa = PBXBuildFile; fileRef = 84A340761CD61E6800E0123F /* weixin.png */; };
		84A340831CD61E6800E0123F /* weibo.png in Resources */ = {isa = PBXBuildFile; fileRef = 84A340771CD61E6800E0123F /* weibo.png */; };
		84A340841CD61E6800E0123F /* QQ.png in Resources */ = {isa = PBXBuildFile; fileRef = 84A340781CD61E6800E0123F /* QQ.png */; };
		84A340851CD61E6800E0123F /* unRemember_login.png in Resources */ = {isa = PBXBuildFile; fileRef = 84A340791CD61E6800E0123F /* unRemember_login.png */; };
		84A340861CD61E6800E0123F /* shouji_login.png in Resources */ = {isa = PBXBuildFile; fileRef = 84A3407A1CD61E6800E0123F /* shouji_login.png */; };
		84A340871CD61E6800E0123F /* 11.png in Resources */ = {isa = PBXBuildFile; fileRef = 84A3407B1CD61E6800E0123F /* 11.png */; };
		84A340881CD61E6800E0123F /* 12.png in Resources */ = {isa = PBXBuildFile; fileRef = 84A3407C1CD61E6800E0123F /* 12.png */; };
		84A340981CD6243500E0123F /* forgetPassWardViewController.m in Sources */ = {isa = PBXBuildFile; fileRef = 84A3408D1CD6243500E0123F /* forgetPassWardViewController.m */; };
		84A340991CD6243500E0123F /* MMZCHMViewController.m in Sources */ = {isa = PBXBuildFile; fileRef = 84A3408F1CD6243500E0123F /* MMZCHMViewController.m */; };
		84A3409A1CD6243500E0123F /* MMZCViewController.m in Sources */ = {isa = PBXBuildFile; fileRef = 84A340911CD6243500E0123F /* MMZCViewController.m */; };
		84A3409B1CD6243500E0123F /* newPassWardViewController.m in Sources */ = {isa = PBXBuildFile; fileRef = 84A340931CD6243500E0123F /* newPassWardViewController.m */; };
		84A3409C1CD6243500E0123F /* settingPassWardViewController.m in Sources */ = {isa = PBXBuildFile; fileRef = 84A340951CD6243500E0123F /* settingPassWardViewController.m */; };
		84A3409D1CD6243500E0123F /* settinhHeaderViewController.m in Sources */ = {isa = PBXBuildFile; fileRef = 84A340971CD6243500E0123F /* settinhHeaderViewController.m */; };
		84A3409F1CD6249900E0123F /* login_Bg.jpg in Resources */ = {isa = PBXBuildFile; fileRef = 84A3409E1CD6249900E0123F /* login_Bg.jpg */; };
		84A340A11CD626A800E0123F /* ic_landing_nickname.png in Resources */ = {isa = PBXBuildFile; fileRef = 84A340A01CD626A800E0123F /* ic_landing_nickname.png */; };
		84A340A31CD626C300E0123F /* mm_normal.png in Resources */ = {isa = PBXBuildFile; fileRef = 84A340A21CD626C300E0123F /* mm_normal.png */; };
		84A4B0201CD7AAD700AD11E5 /* bg.png in Resources */ = {isa = PBXBuildFile; fileRef = 84A4B01F1CD7AAD700AD11E5 /* bg.png */; };
		84A4B0331CD8302100AD11E5 /* TAAbstractDotView.m in Sources */ = {isa = PBXBuildFile; fileRef = 84A4B0261CD8302100AD11E5 /* TAAbstractDotView.m */; };
		84A4B0341CD8302100AD11E5 /* TAAnimatedDotView.m in Sources */ = {isa = PBXBuildFile; fileRef = 84A4B0281CD8302100AD11E5 /* TAAnimatedDotView.m */; };
		84A4B0351CD8302100AD11E5 /* TADotView.m in Sources */ = {isa = PBXBuildFile; fileRef = 84A4B02A1CD8302100AD11E5 /* TADotView.m */; };
		84A4B0361CD8302100AD11E5 /* TAPageControl.m in Sources */ = {isa = PBXBuildFile; fileRef = 84A4B02C1CD8302100AD11E5 /* TAPageControl.m */; };
		84A4B0371CD8302100AD11E5 /* SDCollectionViewCell.m in Sources */ = {isa = PBXBuildFile; fileRef = 84A4B02E1CD8302100AD11E5 /* SDCollectionViewCell.m */; };
		84A4B0381CD8302100AD11E5 /* SDCycleScrollView.m in Sources */ = {isa = PBXBuildFile; fileRef = 84A4B0301CD8302100AD11E5 /* SDCycleScrollView.m */; };
		84A4B0391CD8302100AD11E5 /* UIView+SDExtension.m in Sources */ = {isa = PBXBuildFile; fileRef = 84A4B0321CD8302100AD11E5 /* UIView+SDExtension.m */; };
		84A4B03F1CD830EC00AD11E5 /* zq1.jpg in Resources */ = {isa = PBXBuildFile; fileRef = 84A4B03B1CD830EC00AD11E5 /* zq1.jpg */; };
		84A4B0401CD830EC00AD11E5 /* zq2.jpg in Resources */ = {isa = PBXBuildFile; fileRef = 84A4B03C1CD830EC00AD11E5 /* zq2.jpg */; };
		84A4B0411CD830EC00AD11E5 /* zq3.jpg in Resources */ = {isa = PBXBuildFile; fileRef = 84A4B03D1CD830EC00AD11E5 /* zq3.jpg */; };
		84A4B0421CD830EC00AD11E5 /* zq4.jpg in Resources */ = {isa = PBXBuildFile; fileRef = 84A4B03E1CD830EC00AD11E5 /* zq4.jpg */; };
		84A4B0651CD8311800AD11E5 /* MKAnnotationView+WebCache.m in Sources */ = {isa = PBXBuildFile; fileRef = 84A4B0451CD8311800AD11E5 /* MKAnnotationView+WebCache.m */; };
		84A4B0661CD8311800AD11E5 /* NSData+ImageContentType.m in Sources */ = {isa = PBXBuildFile; fileRef = 84A4B0471CD8311800AD11E5 /* NSData+ImageContentType.m */; };
		84A4B0671CD8311800AD11E5 /* SDImageCache.m in Sources */ = {isa = PBXBuildFile; fileRef = 84A4B0491CD8311800AD11E5 /* SDImageCache.m */; };
		84A4B0681CD8311800AD11E5 /* SDWebImageCompat.m in Sources */ = {isa = PBXBuildFile; fileRef = 84A4B04B1CD8311800AD11E5 /* SDWebImageCompat.m */; };
		84A4B0691CD8311800AD11E5 /* SDWebImageDecoder.m in Sources */ = {isa = PBXBuildFile; fileRef = 84A4B04D1CD8311800AD11E5 /* SDWebImageDecoder.m */; };
		84A4B06A1CD8311800AD11E5 /* SDWebImageDownloader.m in Sources */ = {isa = PBXBuildFile; fileRef = 84A4B04F1CD8311800AD11E5 /* SDWebImageDownloader.m */; };
		84A4B06B1CD8311800AD11E5 /* SDWebImageDownloaderOperation.m in Sources */ = {isa = PBXBuildFile; fileRef = 84A4B0511CD8311800AD11E5 /* SDWebImageDownloaderOperation.m */; };
		84A4B06C1CD8311800AD11E5 /* SDWebImageManager.m in Sources */ = {isa = PBXBuildFile; fileRef = 84A4B0531CD8311800AD11E5 /* SDWebImageManager.m */; };
		84A4B06D1CD8311800AD11E5 /* SDWebImagePrefetcher.m in Sources */ = {isa = PBXBuildFile; fileRef = 84A4B0561CD8311800AD11E5 /* SDWebImagePrefetcher.m */; };
		84A4B06E1CD8311800AD11E5 /* UIButton+WebCache.m in Sources */ = {isa = PBXBuildFile; fileRef = 84A4B0581CD8311800AD11E5 /* UIButton+WebCache.m */; };
		84A4B06F1CD8311800AD11E5 /* UIImage+GIF.m in Sources */ = {isa = PBXBuildFile; fileRef = 84A4B05A1CD8311800AD11E5 /* UIImage+GIF.m */; };
		84A4B0701CD8311800AD11E5 /* UIImage+MultiFormat.m in Sources */ = {isa = PBXBuildFile; fileRef = 84A4B05C1CD8311800AD11E5 /* UIImage+MultiFormat.m */; };
		84A4B0711CD8311800AD11E5 /* UIImage+WebP.m in Sources */ = {isa = PBXBuildFile; fileRef = 84A4B05E1CD8311800AD11E5 /* UIImage+WebP.m */; };
		84A4B0721CD8311800AD11E5 /* UIImageView+HighlightedWebCache.m in Sources */ = {isa = PBXBuildFile; fileRef = 84A4B0601CD8311800AD11E5 /* UIImageView+HighlightedWebCache.m */; };
		84A4B0731CD8311800AD11E5 /* UIImageView+WebCache.m in Sources */ = {isa = PBXBuildFile; fileRef = 84A4B0621CD8311800AD11E5 /* UIImageView+WebCache.m */; };
		84A4B0741CD8311800AD11E5 /* UIView+WebCacheOperation.m in Sources */ = {isa = PBXBuildFile; fileRef = 84A4B0641CD8311800AD11E5 /* UIView+WebCacheOperation.m */; };
		84A4B07F1CD8412E00AD11E5 /* HomeCell.m in Sources */ = {isa = PBXBuildFile; fileRef = 84A4B07D1CD8412E00AD11E5 /* HomeCell.m */; };
		84A4B0801CD8412E00AD11E5 /* HomeCell.xib in Resources */ = {isa = PBXBuildFile; fileRef = 84A4B07E1CD8412E00AD11E5 /* HomeCell.xib */; };
		84A4B0BE1CD8820200AD11E5 /* 005.png in Resources */ = {isa = PBXBuildFile; fileRef = 84A4B0B51CD8820200AD11E5 /* 005.png */; };
		84A4B0BF1CD8820200AD11E5 /* 006.png in Resources */ = {isa = PBXBuildFile; fileRef = 84A4B0B61CD8820200AD11E5 /* 006.png */; };
		84A4B0C01CD8820200AD11E5 /* 007.png in Resources */ = {isa = PBXBuildFile; fileRef = 84A4B0B71CD8820200AD11E5 /* 007.png */; };
		84A4B0C11CD8820200AD11E5 /* 008.png in Resources */ = {isa = PBXBuildFile; fileRef = 84A4B0B81CD8820200AD11E5 /* 008.png */; };
		84A4B0C31CD8820200AD11E5 /* 002.png in Resources */ = {isa = PBXBuildFile; fileRef = 84A4B0BB1CD8820200AD11E5 /* 002.png */; };
		84A4B0C41CD8820200AD11E5 /* 003.png in Resources */ = {isa = PBXBuildFile; fileRef = 84A4B0BC1CD8820200AD11E5 /* 003.png */; };
		84A4B0C51CD8820200AD11E5 /* 004.png in Resources */ = {isa = PBXBuildFile; fileRef = 84A4B0BD1CD8820200AD11E5 /* 004.png */; };
		84A4B0C91CD8825500AD11E5 /* 001.png in Resources */ = {isa = PBXBuildFile; fileRef = 84A4B0C81CD8825500AD11E5 /* 001.png */; };
		84A4B0CB1CD8834400AD11E5 /* 06.png in Resources */ = {isa = PBXBuildFile; fileRef = 84A4B0CA1CD8834400AD11E5 /* 06.png */; };
		84A4B0CE1CD89EA900AD11E5 /* icon_homepage_scan@2x.png in Resources */ = {isa = PBXBuildFile; fileRef = 84A4B0CC1CD89EA900AD11E5 /* icon_homepage_scan@2x.png */; };
		84A4B0CF1CD89EA900AD11E5 /* icon_homepage_navArrow.png in Resources */ = {isa = PBXBuildFile; fileRef = 84A4B0CD1CD89EA900AD11E5 /* icon_homepage_navArrow.png */; };
		84A4B0D71CD8AE8500AD11E5 /* 009.png in Resources */ = {isa = PBXBuildFile; fileRef = 84A4B0D31CD8AE8500AD11E5 /* 009.png */; };
		84A4B0D81CD8AE8500AD11E5 /* 010.png in Resources */ = {isa = PBXBuildFile; fileRef = 84A4B0D41CD8AE8500AD11E5 /* 010.png */; };
		84A4B0D91CD8AE8500AD11E5 /* 011.png in Resources */ = {isa = PBXBuildFile; fileRef = 84A4B0D51CD8AE8500AD11E5 /* 011.png */; };
		84A4B0DA1CD8AE8500AD11E5 /* 012.png in Resources */ = {isa = PBXBuildFile; fileRef = 84A4B0D61CD8AE8500AD11E5 /* 012.png */; };
		84A4B0DE1CD8AF6D00AD11E5 /* 5.jpg in Resources */ = {isa = PBXBuildFile; fileRef = 84A4B0DB1CD8AF6D00AD11E5 /* 5.jpg */; };
		84A4B0DF1CD8AF6D00AD11E5 /* 6.jpg in Resources */ = {isa = PBXBuildFile; fileRef = 84A4B0DC1CD8AF6D00AD11E5 /* 6.jpg */; };
		84A4B0E01CD8AF6D00AD11E5 /* 7.jpg in Resources */ = {isa = PBXBuildFile; fileRef = 84A4B0DD1CD8AF6D00AD11E5 /* 7.jpg */; };
/* End PBXBuildFile section */

/* Begin PBXContainerItemProxy section */
		8403EFC31CD045E1008F8A06 /* PBXContainerItemProxy */ = {
			isa = PBXContainerItemProxy;
			containerPortal = 8403EFA11CD045E1008F8A06 /* Project object */;
			proxyType = 1;
			remoteGlobalIDString = 8403EFA81CD045E1008F8A06;
			remoteInfo = PlantBox;
		};
		8403EFCE1CD045E1008F8A06 /* PBXContainerItemProxy */ = {
			isa = PBXContainerItemProxy;
			containerPortal = 8403EFA11CD045E1008F8A06 /* Project object */;
			proxyType = 1;
			remoteGlobalIDString = 8403EFA81CD045E1008F8A06;
			remoteInfo = PlantBox;
		};
/* End PBXContainerItemProxy section */

/* Begin PBXFileReference section */
		8403EFA91CD045E1008F8A06 /* PlantBox.app */ = {isa = PBXFileReference; explicitFileType = wrapper.application; includeInIndex = 0; path = PlantBox.app; sourceTree = BUILT_PRODUCTS_DIR; };
		8403EFAD1CD045E1008F8A06 /* main.m */ = {isa = PBXFileReference; lastKnownFileType = sourcecode.c.objc; path = main.m; sourceTree = "<group>"; };
		8403EFAF1CD045E1008F8A06 /* AppDelegate.h */ = {isa = PBXFileReference; lastKnownFileType = sourcecode.c.h; path = AppDelegate.h; sourceTree = "<group>"; };
		8403EFB01CD045E1008F8A06 /* AppDelegate.m */ = {isa = PBXFileReference; lastKnownFileType = sourcecode.c.objc; path = AppDelegate.m; sourceTree = "<group>"; };
		8403EFB21CD045E1008F8A06 /* ViewController.h */ = {isa = PBXFileReference; lastKnownFileType = sourcecode.c.h; path = ViewController.h; sourceTree = "<group>"; };
		8403EFB31CD045E1008F8A06 /* ViewController.m */ = {isa = PBXFileReference; lastKnownFileType = sourcecode.c.objc; path = ViewController.m; sourceTree = "<group>"; };
		8403EFB61CD045E1008F8A06 /* Base */ = {isa = PBXFileReference; lastKnownFileType = file.storyboard; name = Base; path = Base.lproj/Main.storyboard; sourceTree = "<group>"; };
		8403EFB81CD045E1008F8A06 /* Assets.xcassets */ = {isa = PBXFileReference; lastKnownFileType = folder.assetcatalog; path = Assets.xcassets; sourceTree = "<group>"; };
		8403EFBB1CD045E1008F8A06 /* Base */ = {isa = PBXFileReference; lastKnownFileType = file.storyboard; name = Base; path = Base.lproj/LaunchScreen.storyboard; sourceTree = "<group>"; };
		8403EFBD1CD045E1008F8A06 /* Info.plist */ = {isa = PBXFileReference; lastKnownFileType = text.plist.xml; path = Info.plist; sourceTree = "<group>"; };
		8403EFC21CD045E1008F8A06 /* PlantBoxTests.xctest */ = {isa = PBXFileReference; explicitFileType = wrapper.cfbundle; includeInIndex = 0; path = PlantBoxTests.xctest; sourceTree = BUILT_PRODUCTS_DIR; };
		8403EFC61CD045E1008F8A06 /* PlantBoxTests.m */ = {isa = PBXFileReference; lastKnownFileType = sourcecode.c.objc; path = PlantBoxTests.m; sourceTree = "<group>"; };
		8403EFC81CD045E1008F8A06 /* Info.plist */ = {isa = PBXFileReference; lastKnownFileType = text.plist.xml; path = Info.plist; sourceTree = "<group>"; };
		8403EFCD1CD045E1008F8A06 /* PlantBoxUITests.xctest */ = {isa = PBXFileReference; explicitFileType = wrapper.cfbundle; includeInIndex = 0; path = PlantBoxUITests.xctest; sourceTree = BUILT_PRODUCTS_DIR; };
		8403EFD11CD045E1008F8A06 /* PlantBoxUITests.m */ = {isa = PBXFileReference; lastKnownFileType = sourcecode.c.objc; path = PlantBoxUITests.m; sourceTree = "<group>"; };
		8403EFD31CD045E1008F8A06 /* Info.plist */ = {isa = PBXFileReference; lastKnownFileType = text.plist.xml; path = Info.plist; sourceTree = "<group>"; };
		8403F0201CD21C0A008F8A06 /* LoginViewController.h */ = {isa = PBXFileReference; fileEncoding = 4; lastKnownFileType = sourcecode.c.h; path = LoginViewController.h; sourceTree = "<group>"; };
		8403F0211CD21C0A008F8A06 /* LoginViewController.m */ = {isa = PBXFileReference; fileEncoding = 4; lastKnownFileType = sourcecode.c.objc; path = LoginViewController.m; sourceTree = "<group>"; };
		8403F0221CD21C0A008F8A06 /* LoginViewController.xib */ = {isa = PBXFileReference; fileEncoding = 4; lastKnownFileType = file.xib; path = LoginViewController.xib; sourceTree = "<group>"; };
		8403F0231CD21C0A008F8A06 /* RootTabbarController.h */ = {isa = PBXFileReference; fileEncoding = 4; lastKnownFileType = sourcecode.c.h; path = RootTabbarController.h; sourceTree = "<group>"; };
		8403F0241CD21C0A008F8A06 /* RootTabbarController.m */ = {isa = PBXFileReference; fileEncoding = 4; lastKnownFileType = sourcecode.c.objc; path = RootTabbarController.m; sourceTree = "<group>"; };
		848ADCF51CD4CC6A007AEF1E /* PrefixHeader.pch */ = {isa = PBXFileReference; fileEncoding = 4; lastKnownFileType = sourcecode.c.h; path = PrefixHeader.pch; sourceTree = "<group>"; };
		84981E601CD4BCE30024D414 /* HomeViewController.h */ = {isa = PBXFileReference; fileEncoding = 4; lastKnownFileType = sourcecode.c.h; path = HomeViewController.h; sourceTree = "<group>"; };
		84981E611CD4BCE30024D414 /* HomeViewController.m */ = {isa = PBXFileReference; fileEncoding = 4; lastKnownFileType = sourcecode.c.objc; path = HomeViewController.m; sourceTree = "<group>"; };
		84981E621CD4BCE30024D414 /* HomeViewController.xib */ = {isa = PBXFileReference; fileEncoding = 4; lastKnownFileType = file.xib; path = HomeViewController.xib; sourceTree = "<group>"; };
		84981E651CD4BD270024D414 /* MineViewController.h */ = {isa = PBXFileReference; fileEncoding = 4; lastKnownFileType = sourcecode.c.h; path = MineViewController.h; sourceTree = "<group>"; };
		84981E661CD4BD270024D414 /* MineViewController.m */ = {isa = PBXFileReference; fileEncoding = 4; lastKnownFileType = sourcecode.c.objc; path = MineViewController.m; sourceTree = "<group>"; };
		84981E671CD4BD270024D414 /* MineViewController.xib */ = {isa = PBXFileReference; fileEncoding = 4; lastKnownFileType = file.xib; path = MineViewController.xib; sourceTree = "<group>"; };
		84981E6A1CD4BD350024D414 /* MessageViewController.h */ = {isa = PBXFileReference; fileEncoding = 4; lastKnownFileType = sourcecode.c.h; path = MessageViewController.h; sourceTree = "<group>"; };
		84981E6B1CD4BD350024D414 /* MessageViewController.m */ = {isa = PBXFileReference; fileEncoding = 4; lastKnownFileType = sourcecode.c.objc; path = MessageViewController.m; sourceTree = "<group>"; };
		84981E6C1CD4BD350024D414 /* MessageViewController.xib */ = {isa = PBXFileReference; fileEncoding = 4; lastKnownFileType = file.xib; path = MessageViewController.xib; sourceTree = "<group>"; };
		84981E6F1CD4BD640024D414 /* NearViewController.h */ = {isa = PBXFileReference; fileEncoding = 4; lastKnownFileType = sourcecode.c.h; path = NearViewController.h; sourceTree = "<group>"; };
		84981E701CD4BD640024D414 /* NearViewController.m */ = {isa = PBXFileReference; fileEncoding = 4; lastKnownFileType = sourcecode.c.objc; path = NearViewController.m; sourceTree = "<group>"; };
		84981E711CD4BD640024D414 /* NearViewController.xib */ = {isa = PBXFileReference; fileEncoding = 4; lastKnownFileType = file.xib; path = NearViewController.xib; sourceTree = "<group>"; };
		84981E7C1CD4C0E30024D414 /* Tool.h */ = {isa = PBXFileReference; fileEncoding = 4; lastKnownFileType = sourcecode.c.h; path = Tool.h; sourceTree = "<group>"; };
		84A340721CD61E6800E0123F /* touxiang_login.png */ = {isa = PBXFileReference; lastKnownFileType = image.png; path = touxiang_login.png; sourceTree = "<group>"; };
		84A340731CD61E6800E0123F /* password_login.png */ = {isa = PBXFileReference; lastKnownFileType = image.png; path = password_login.png; sourceTree = "<group>"; };
		84A340741CD61E6800E0123F /* remember_login.png */ = {isa = PBXFileReference; lastKnownFileType = image.png; path = remember_login.png; sourceTree = "<group>"; };
		84A340751CD61E6800E0123F /* name_login.png */ = {isa = PBXFileReference; lastKnownFileType = image.png; path = name_login.png; sourceTree = "<group>"; };
		84A340761CD61E6800E0123F /* weixin.png */ = {isa = PBXFileReference; lastKnownFileType = image.png; path = weixin.png; sourceTree = "<group>"; };
		84A340771CD61E6800E0123F /* weibo.png */ = {isa = PBXFileReference; lastKnownFileType = image.png; path = weibo.png; sourceTree = "<group>"; };
		84A340781CD61E6800E0123F /* QQ.png */ = {isa = PBXFileReference; lastKnownFileType = image.png; path = QQ.png; sourceTree = "<group>"; };
		84A340791CD61E6800E0123F /* unRemember_login.png */ = {isa = PBXFileReference; lastKnownFileType = image.png; path = unRemember_login.png; sourceTree = "<group>"; };
		84A3407A1CD61E6800E0123F /* shouji_login.png */ = {isa = PBXFileReference; lastKnownFileType = image.png; path = shouji_login.png; sourceTree = "<group>"; };
		84A3407B1CD61E6800E0123F /* 11.png */ = {isa = PBXFileReference; lastKnownFileType = image.png; path = 11.png; sourceTree = "<group>"; };
		84A3407C1CD61E6800E0123F /* 12.png */ = {isa = PBXFileReference; lastKnownFileType = image.png; path = 12.png; sourceTree = "<group>"; };
		84A3408C1CD6243500E0123F /* forgetPassWardViewController.h */ = {isa = PBXFileReference; fileEncoding = 4; lastKnownFileType = sourcecode.c.h; path = forgetPassWardViewController.h; sourceTree = "<group>"; };
		84A3408D1CD6243500E0123F /* forgetPassWardViewController.m */ = {isa = PBXFileReference; fileEncoding = 4; lastKnownFileType = sourcecode.c.objc; path = forgetPassWardViewController.m; sourceTree = "<group>"; };
		84A3408E1CD6243500E0123F /* MMZCHMViewController.h */ = {isa = PBXFileReference; fileEncoding = 4; lastKnownFileType = sourcecode.c.h; path = MMZCHMViewController.h; sourceTree = "<group>"; };
		84A3408F1CD6243500E0123F /* MMZCHMViewController.m */ = {isa = PBXFileReference; fileEncoding = 4; lastKnownFileType = sourcecode.c.objc; path = MMZCHMViewController.m; sourceTree = "<group>"; };
		84A340901CD6243500E0123F /* MMZCViewController.h */ = {isa = PBXFileReference; fileEncoding = 4; lastKnownFileType = sourcecode.c.h; path = MMZCViewController.h; sourceTree = "<group>"; };
		84A340911CD6243500E0123F /* MMZCViewController.m */ = {isa = PBXFileReference; fileEncoding = 4; lastKnownFileType = sourcecode.c.objc; path = MMZCViewController.m; sourceTree = "<group>"; };
		84A340921CD6243500E0123F /* newPassWardViewController.h */ = {isa = PBXFileReference; fileEncoding = 4; lastKnownFileType = sourcecode.c.h; path = newPassWardViewController.h; sourceTree = "<group>"; };
		84A340931CD6243500E0123F /* newPassWardViewController.m */ = {isa = PBXFileReference; fileEncoding = 4; lastKnownFileType = sourcecode.c.objc; path = newPassWardViewController.m; sourceTree = "<group>"; };
		84A340941CD6243500E0123F /* settingPassWardViewController.h */ = {isa = PBXFileReference; fileEncoding = 4; lastKnownFileType = sourcecode.c.h; path = settingPassWardViewController.h; sourceTree = "<group>"; };
		84A340951CD6243500E0123F /* settingPassWardViewController.m */ = {isa = PBXFileReference; fileEncoding = 4; lastKnownFileType = sourcecode.c.objc; path = settingPassWardViewController.m; sourceTree = "<group>"; };
		84A340961CD6243500E0123F /* settinhHeaderViewController.h */ = {isa = PBXFileReference; fileEncoding = 4; lastKnownFileType = sourcecode.c.h; path = settinhHeaderViewController.h; sourceTree = "<group>"; };
		84A340971CD6243500E0123F /* settinhHeaderViewController.m */ = {isa = PBXFileReference; fileEncoding = 4; lastKnownFileType = sourcecode.c.objc; path = settinhHeaderViewController.m; sourceTree = "<group>"; };
		84A3409E1CD6249900E0123F /* login_Bg.jpg */ = {isa = PBXFileReference; lastKnownFileType = image.jpeg; path = login_Bg.jpg; sourceTree = "<group>"; };
		84A340A01CD626A800E0123F /* ic_landing_nickname.png */ = {isa = PBXFileReference; lastKnownFileType = image.png; path = ic_landing_nickname.png; sourceTree = "<group>"; };
		84A340A21CD626C300E0123F /* mm_normal.png */ = {isa = PBXFileReference; lastKnownFileType = image.png; path = mm_normal.png; sourceTree = "<group>"; };
		84A4B01F1CD7AAD700AD11E5 /* bg.png */ = {isa = PBXFileReference; lastKnownFileType = image.png; path = bg.png; sourceTree = "<group>"; };
		84A4B0251CD8302100AD11E5 /* TAAbstractDotView.h */ = {isa = PBXFileReference; fileEncoding = 4; lastKnownFileType = sourcecode.c.h; path = TAAbstractDotView.h; sourceTree = "<group>"; };
		84A4B0261CD8302100AD11E5 /* TAAbstractDotView.m */ = {isa = PBXFileReference; fileEncoding = 4; lastKnownFileType = sourcecode.c.objc; path = TAAbstractDotView.m; sourceTree = "<group>"; };
		84A4B0271CD8302100AD11E5 /* TAAnimatedDotView.h */ = {isa = PBXFileReference; fileEncoding = 4; lastKnownFileType = sourcecode.c.h; path = TAAnimatedDotView.h; sourceTree = "<group>"; };
		84A4B0281CD8302100AD11E5 /* TAAnimatedDotView.m */ = {isa = PBXFileReference; fileEncoding = 4; lastKnownFileType = sourcecode.c.objc; path = TAAnimatedDotView.m; sourceTree = "<group>"; };
		84A4B0291CD8302100AD11E5 /* TADotView.h */ = {isa = PBXFileReference; fileEncoding = 4; lastKnownFileType = sourcecode.c.h; path = TADotView.h; sourceTree = "<group>"; };
		84A4B02A1CD8302100AD11E5 /* TADotView.m */ = {isa = PBXFileReference; fileEncoding = 4; lastKnownFileType = sourcecode.c.objc; path = TADotView.m; sourceTree = "<group>"; };
		84A4B02B1CD8302100AD11E5 /* TAPageControl.h */ = {isa = PBXFileReference; fileEncoding = 4; lastKnownFileType = sourcecode.c.h; path = TAPageControl.h; sourceTree = "<group>"; };
		84A4B02C1CD8302100AD11E5 /* TAPageControl.m */ = {isa = PBXFileReference; fileEncoding = 4; lastKnownFileType = sourcecode.c.objc; path = TAPageControl.m; sourceTree = "<group>"; };
		84A4B02D1CD8302100AD11E5 /* SDCollectionViewCell.h */ = {isa = PBXFileReference; fileEncoding = 4; lastKnownFileType = sourcecode.c.h; path = SDCollectionViewCell.h; sourceTree = "<group>"; };
		84A4B02E1CD8302100AD11E5 /* SDCollectionViewCell.m */ = {isa = PBXFileReference; fileEncoding = 4; lastKnownFileType = sourcecode.c.objc; path = SDCollectionViewCell.m; sourceTree = "<group>"; };
		84A4B02F1CD8302100AD11E5 /* SDCycleScrollView.h */ = {isa = PBXFileReference; fileEncoding = 4; lastKnownFileType = sourcecode.c.h; path = SDCycleScrollView.h; sourceTree = "<group>"; };
		84A4B0301CD8302100AD11E5 /* SDCycleScrollView.m */ = {isa = PBXFileReference; fileEncoding = 4; lastKnownFileType = sourcecode.c.objc; path = SDCycleScrollView.m; sourceTree = "<group>"; };
		84A4B0311CD8302100AD11E5 /* UIView+SDExtension.h */ = {isa = PBXFileReference; fileEncoding = 4; lastKnownFileType = sourcecode.c.h; path = "UIView+SDExtension.h"; sourceTree = "<group>"; };
		84A4B0321CD8302100AD11E5 /* UIView+SDExtension.m */ = {isa = PBXFileReference; fileEncoding = 4; lastKnownFileType = sourcecode.c.objc; path = "UIView+SDExtension.m"; sourceTree = "<group>"; };
		84A4B03B1CD830EC00AD11E5 /* zq1.jpg */ = {isa = PBXFileReference; lastKnownFileType = image.jpeg; path = zq1.jpg; sourceTree = "<group>"; };
		84A4B03C1CD830EC00AD11E5 /* zq2.jpg */ = {isa = PBXFileReference; lastKnownFileType = image.jpeg; path = zq2.jpg; sourceTree = "<group>"; };
		84A4B03D1CD830EC00AD11E5 /* zq3.jpg */ = {isa = PBXFileReference; lastKnownFileType = image.jpeg; path = zq3.jpg; sourceTree = "<group>"; };
		84A4B03E1CD830EC00AD11E5 /* zq4.jpg */ = {isa = PBXFileReference; lastKnownFileType = image.jpeg; path = zq4.jpg; sourceTree = "<group>"; };
		84A4B0441CD8311800AD11E5 /* MKAnnotationView+WebCache.h */ = {isa = PBXFileReference; fileEncoding = 4; lastKnownFileType = sourcecode.c.h; path = "MKAnnotationView+WebCache.h"; sourceTree = "<group>"; };
		84A4B0451CD8311800AD11E5 /* MKAnnotationView+WebCache.m */ = {isa = PBXFileReference; fileEncoding = 4; lastKnownFileType = sourcecode.c.objc; path = "MKAnnotationView+WebCache.m"; sourceTree = "<group>"; };
		84A4B0461CD8311800AD11E5 /* NSData+ImageContentType.h */ = {isa = PBXFileReference; fileEncoding = 4; lastKnownFileType = sourcecode.c.h; path = "NSData+ImageContentType.h"; sourceTree = "<group>"; };
		84A4B0471CD8311800AD11E5 /* NSData+ImageContentType.m */ = {isa = PBXFileReference; fileEncoding = 4; lastKnownFileType = sourcecode.c.objc; path = "NSData+ImageContentType.m"; sourceTree = "<group>"; };
		84A4B0481CD8311800AD11E5 /* SDImageCache.h */ = {isa = PBXFileReference; fileEncoding = 4; lastKnownFileType = sourcecode.c.h; path = SDImageCache.h; sourceTree = "<group>"; };
		84A4B0491CD8311800AD11E5 /* SDImageCache.m */ = {isa = PBXFileReference; fileEncoding = 4; lastKnownFileType = sourcecode.c.objc; path = SDImageCache.m; sourceTree = "<group>"; };
		84A4B04A1CD8311800AD11E5 /* SDWebImageCompat.h */ = {isa = PBXFileReference; fileEncoding = 4; lastKnownFileType = sourcecode.c.h; path = SDWebImageCompat.h; sourceTree = "<group>"; };
		84A4B04B1CD8311800AD11E5 /* SDWebImageCompat.m */ = {isa = PBXFileReference; fileEncoding = 4; lastKnownFileType = sourcecode.c.objc; path = SDWebImageCompat.m; sourceTree = "<group>"; };
		84A4B04C1CD8311800AD11E5 /* SDWebImageDecoder.h */ = {isa = PBXFileReference; fileEncoding = 4; lastKnownFileType = sourcecode.c.h; path = SDWebImageDecoder.h; sourceTree = "<group>"; };
		84A4B04D1CD8311800AD11E5 /* SDWebImageDecoder.m */ = {isa = PBXFileReference; fileEncoding = 4; lastKnownFileType = sourcecode.c.objc; path = SDWebImageDecoder.m; sourceTree = "<group>"; };
		84A4B04E1CD8311800AD11E5 /* SDWebImageDownloader.h */ = {isa = PBXFileReference; fileEncoding = 4; lastKnownFileType = sourcecode.c.h; path = SDWebImageDownloader.h; sourceTree = "<group>"; };
		84A4B04F1CD8311800AD11E5 /* SDWebImageDownloader.m */ = {isa = PBXFileReference; fileEncoding = 4; lastKnownFileType = sourcecode.c.objc; path = SDWebImageDownloader.m; sourceTree = "<group>"; };
		84A4B0501CD8311800AD11E5 /* SDWebImageDownloaderOperation.h */ = {isa = PBXFileReference; fileEncoding = 4; lastKnownFileType = sourcecode.c.h; path = SDWebImageDownloaderOperation.h; sourceTree = "<group>"; };
		84A4B0511CD8311800AD11E5 /* SDWebImageDownloaderOperation.m */ = {isa = PBXFileReference; fileEncoding = 4; lastKnownFileType = sourcecode.c.objc; path = SDWebImageDownloaderOperation.m; sourceTree = "<group>"; };
		84A4B0521CD8311800AD11E5 /* SDWebImageManager.h */ = {isa = PBXFileReference; fileEncoding = 4; lastKnownFileType = sourcecode.c.h; path = SDWebImageManager.h; sourceTree = "<group>"; };
		84A4B0531CD8311800AD11E5 /* SDWebImageManager.m */ = {isa = PBXFileReference; fileEncoding = 4; lastKnownFileType = sourcecode.c.objc; path = SDWebImageManager.m; sourceTree = "<group>"; };
		84A4B0541CD8311800AD11E5 /* SDWebImageOperation.h */ = {isa = PBXFileReference; fileEncoding = 4; lastKnownFileType = sourcecode.c.h; path = SDWebImageOperation.h; sourceTree = "<group>"; };
		84A4B0551CD8311800AD11E5 /* SDWebImagePrefetcher.h */ = {isa = PBXFileReference; fileEncoding = 4; lastKnownFileType = sourcecode.c.h; path = SDWebImagePrefetcher.h; sourceTree = "<group>"; };
		84A4B0561CD8311800AD11E5 /* SDWebImagePrefetcher.m */ = {isa = PBXFileReference; fileEncoding = 4; lastKnownFileType = sourcecode.c.objc; path = SDWebImagePrefetcher.m; sourceTree = "<group>"; };
		84A4B0571CD8311800AD11E5 /* UIButton+WebCache.h */ = {isa = PBXFileReference; fileEncoding = 4; lastKnownFileType = sourcecode.c.h; path = "UIButton+WebCache.h"; sourceTree = "<group>"; };
		84A4B0581CD8311800AD11E5 /* UIButton+WebCache.m */ = {isa = PBXFileReference; fileEncoding = 4; lastKnownFileType = sourcecode.c.objc; path = "UIButton+WebCache.m"; sourceTree = "<group>"; };
		84A4B0591CD8311800AD11E5 /* UIImage+GIF.h */ = {isa = PBXFileReference; fileEncoding = 4; lastKnownFileType = sourcecode.c.h; path = "UIImage+GIF.h"; sourceTree = "<group>"; };
		84A4B05A1CD8311800AD11E5 /* UIImage+GIF.m */ = {isa = PBXFileReference; fileEncoding = 4; lastKnownFileType = sourcecode.c.objc; path = "UIImage+GIF.m"; sourceTree = "<group>"; };
		84A4B05B1CD8311800AD11E5 /* UIImage+MultiFormat.h */ = {isa = PBXFileReference; fileEncoding = 4; lastKnownFileType = sourcecode.c.h; path = "UIImage+MultiFormat.h"; sourceTree = "<group>"; };
		84A4B05C1CD8311800AD11E5 /* UIImage+MultiFormat.m */ = {isa = PBXFileReference; fileEncoding = 4; lastKnownFileType = sourcecode.c.objc; path = "UIImage+MultiFormat.m"; sourceTree = "<group>"; };
		84A4B05D1CD8311800AD11E5 /* UIImage+WebP.h */ = {isa = PBXFileReference; fileEncoding = 4; lastKnownFileType = sourcecode.c.h; path = "UIImage+WebP.h"; sourceTree = "<group>"; };
		84A4B05E1CD8311800AD11E5 /* UIImage+WebP.m */ = {isa = PBXFileReference; fileEncoding = 4; lastKnownFileType = sourcecode.c.objc; path = "UIImage+WebP.m"; sourceTree = "<group>"; };
		84A4B05F1CD8311800AD11E5 /* UIImageView+HighlightedWebCache.h */ = {isa = PBXFileReference; fileEncoding = 4; lastKnownFileType = sourcecode.c.h; path = "UIImageView+HighlightedWebCache.h"; sourceTree = "<group>"; };
		84A4B0601CD8311800AD11E5 /* UIImageView+HighlightedWebCache.m */ = {isa = PBXFileReference; fileEncoding = 4; lastKnownFileType = sourcecode.c.objc; path = "UIImageView+HighlightedWebCache.m"; sourceTree = "<group>"; };
		84A4B0611CD8311800AD11E5 /* UIImageView+WebCache.h */ = {isa = PBXFileReference; fileEncoding = 4; lastKnownFileType = sourcecode.c.h; path = "UIImageView+WebCache.h"; sourceTree = "<group>"; };
		84A4B0621CD8311800AD11E5 /* UIImageView+WebCache.m */ = {isa = PBXFileReference; fileEncoding = 4; lastKnownFileType = sourcecode.c.objc; path = "UIImageView+WebCache.m"; sourceTree = "<group>"; };
		84A4B0631CD8311800AD11E5 /* UIView+WebCacheOperation.h */ = {isa = PBXFileReference; fileEncoding = 4; lastKnownFileType = sourcecode.c.h; path = "UIView+WebCacheOperation.h"; sourceTree = "<group>"; };
		84A4B0641CD8311800AD11E5 /* UIView+WebCacheOperation.m */ = {isa = PBXFileReference; fileEncoding = 4; lastKnownFileType = sourcecode.c.objc; path = "UIView+WebCacheOperation.m"; sourceTree = "<group>"; };
		84A4B07C1CD8412E00AD11E5 /* HomeCell.h */ = {isa = PBXFileReference; fileEncoding = 4; lastKnownFileType = sourcecode.c.h; path = HomeCell.h; sourceTree = "<group>"; };
		84A4B07D1CD8412E00AD11E5 /* HomeCell.m */ = {isa = PBXFileReference; fileEncoding = 4; lastKnownFileType = sourcecode.c.objc; path = HomeCell.m; sourceTree = "<group>"; };
		84A4B07E1CD8412E00AD11E5 /* HomeCell.xib */ = {isa = PBXFileReference; fileEncoding = 4; lastKnownFileType = file.xib; path = HomeCell.xib; sourceTree = "<group>"; };
		84A4B0B51CD8820200AD11E5 /* 005.png */ = {isa = PBXFileReference; lastKnownFileType = image.png; path = 005.png; sourceTree = "<group>"; };
		84A4B0B61CD8820200AD11E5 /* 006.png */ = {isa = PBXFileReference; lastKnownFileType = image.png; path = 006.png; sourceTree = "<group>"; };
		84A4B0B71CD8820200AD11E5 /* 007.png */ = {isa = PBXFileReference; lastKnownFileType = image.png; path = 007.png; sourceTree = "<group>"; };
		84A4B0B81CD8820200AD11E5 /* 008.png */ = {isa = PBXFileReference; lastKnownFileType = image.png; path = 008.png; sourceTree = "<group>"; };
		84A4B0BB1CD8820200AD11E5 /* 002.png */ = {isa = PBXFileReference; lastKnownFileType = image.png; path = 002.png; sourceTree = "<group>"; };
		84A4B0BC1CD8820200AD11E5 /* 003.png */ = {isa = PBXFileReference; lastKnownFileType = image.png; path = 003.png; sourceTree = "<group>"; };
		84A4B0BD1CD8820200AD11E5 /* 004.png */ = {isa = PBXFileReference; lastKnownFileType = image.png; path = 004.png; sourceTree = "<group>"; };
		84A4B0C81CD8825500AD11E5 /* 001.png */ = {isa = PBXFileReference; lastKnownFileType = image.png; path = 001.png; sourceTree = "<group>"; };
		84A4B0CA1CD8834400AD11E5 /* 06.png */ = {isa = PBXFileReference; lastKnownFileType = image.png; path = 06.png; sourceTree = "<group>"; };
		84A4B0CC1CD89EA900AD11E5 /* icon_homepage_scan@2x.png */ = {isa = PBXFileReference; lastKnownFileType = image.png; path = "icon_homepage_scan@2x.png"; sourceTree = "<group>"; };
		84A4B0CD1CD89EA900AD11E5 /* icon_homepage_navArrow.png */ = {isa = PBXFileReference; lastKnownFileType = image.png; path = icon_homepage_navArrow.png; sourceTree = "<group>"; };
		84A4B0D31CD8AE8500AD11E5 /* 009.png */ = {isa = PBXFileReference; lastKnownFileType = image.png; path = 009.png; sourceTree = "<group>"; };
		84A4B0D41CD8AE8500AD11E5 /* 010.png */ = {isa = PBXFileReference; lastKnownFileType = image.png; path = 010.png; sourceTree = "<group>"; };
		84A4B0D51CD8AE8500AD11E5 /* 011.png */ = {isa = PBXFileReference; lastKnownFileType = image.png; path = 011.png; sourceTree = "<group>"; };
		84A4B0D61CD8AE8500AD11E5 /* 012.png */ = {isa = PBXFileReference; lastKnownFileType = image.png; path = 012.png; sourceTree = "<group>"; };
		84A4B0DB1CD8AF6D00AD11E5 /* 5.jpg */ = {isa = PBXFileReference; lastKnownFileType = image.jpeg; path = 5.jpg; sourceTree = "<group>"; };
		84A4B0DC1CD8AF6D00AD11E5 /* 6.jpg */ = {isa = PBXFileReference; lastKnownFileType = image.jpeg; path = 6.jpg; sourceTree = "<group>"; };
		84A4B0DD1CD8AF6D00AD11E5 /* 7.jpg */ = {isa = PBXFileReference; lastKnownFileType = image.jpeg; path = 7.jpg; sourceTree = "<group>"; };
/* End PBXFileReference section */

/* Begin PBXFrameworksBuildPhase section */
		8403EFA61CD045E1008F8A06 /* Frameworks */ = {
			isa = PBXFrameworksBuildPhase;
			buildActionMask = 2147483647;
			files = (
			);
			runOnlyForDeploymentPostprocessing = 0;
		};
		8403EFBF1CD045E1008F8A06 /* Frameworks */ = {
			isa = PBXFrameworksBuildPhase;
			buildActionMask = 2147483647;
			files = (
			);
			runOnlyForDeploymentPostprocessing = 0;
		};
		8403EFCA1CD045E1008F8A06 /* Frameworks */ = {
			isa = PBXFrameworksBuildPhase;
			buildActionMask = 2147483647;
			files = (
			);
			runOnlyForDeploymentPostprocessing = 0;
		};
/* End PBXFrameworksBuildPhase section */

/* Begin PBXGroup section */
		8403EFA01CD045E1008F8A06 = {
			isa = PBXGroup;
			children = (
				8403EFAB1CD045E1008F8A06 /* PlantBox */,
				8403EFC51CD045E1008F8A06 /* PlantBoxTests */,
				8403EFD01CD045E1008F8A06 /* PlantBoxUITests */,
				8403EFAA1CD045E1008F8A06 /* Products */,
			);
			sourceTree = "<group>";
		};
		8403EFAA1CD045E1008F8A06 /* Products */ = {
			isa = PBXGroup;
			children = (
				8403EFA91CD045E1008F8A06 /* PlantBox.app */,
				8403EFC21CD045E1008F8A06 /* PlantBoxTests.xctest */,
				8403EFCD1CD045E1008F8A06 /* PlantBoxUITests.xctest */,
			);
			name = Products;
			sourceTree = "<group>";
		};
		8403EFAB1CD045E1008F8A06 /* PlantBox */ = {
			isa = PBXGroup;
			children = (
				84A340711CD61E6800E0123F /* loginImg */,
				84981E791CD4BF450024D414 /* Tool */,
				8403F0281CD21C5A008F8A06 /* LoginAndRootVC */,
				8403EFDF1CD055EE008F8A06 /* system */,
				8403EFAC1CD045E1008F8A06 /* Supporting Files */,
				84981E741CD4BEE50024D414 /* 主页 */,
				84981E751CD4BEF00024D414 /* 我的 */,
				84981E761CD4BEF60024D414 /* 消息 */,
				84981E771CD4BEFC0024D414 /* 附近 */,
			);
			path = PlantBox;
			sourceTree = "<group>";
		};
		8403EFAC1CD045E1008F8A06 /* Supporting Files */ = {
			isa = PBXGroup;
			children = (
				8403EFAD1CD045E1008F8A06 /* main.m */,
			);
			name = "Supporting Files";
			sourceTree = "<group>";
		};
		8403EFC51CD045E1008F8A06 /* PlantBoxTests */ = {
			isa = PBXGroup;
			children = (
				8403EFC61CD045E1008F8A06 /* PlantBoxTests.m */,
				8403EFC81CD045E1008F8A06 /* Info.plist */,
			);
			path = PlantBoxTests;
			sourceTree = "<group>";
		};
		8403EFD01CD045E1008F8A06 /* PlantBoxUITests */ = {
			isa = PBXGroup;
			children = (
				8403EFD11CD045E1008F8A06 /* PlantBoxUITests.m */,
				8403EFD31CD045E1008F8A06 /* Info.plist */,
			);
			path = PlantBoxUITests;
			sourceTree = "<group>";
		};
		8403EFDF1CD055EE008F8A06 /* system */ = {
			isa = PBXGroup;
			children = (
				848ADCF51CD4CC6A007AEF1E /* PrefixHeader.pch */,
				8403EFAF1CD045E1008F8A06 /* AppDelegate.h */,
				8403EFB01CD045E1008F8A06 /* AppDelegate.m */,
				8403EFB21CD045E1008F8A06 /* ViewController.h */,
				8403EFB31CD045E1008F8A06 /* ViewController.m */,
				8403EFB51CD045E1008F8A06 /* Main.storyboard */,
				8403EFBA1CD045E1008F8A06 /* LaunchScreen.storyboard */,
				8403EFBD1CD045E1008F8A06 /* Info.plist */,
				8403EFB81CD045E1008F8A06 /* Assets.xcassets */,
			);
			name = system;
			sourceTree = "<group>";
		};
		8403F0281CD21C5A008F8A06 /* LoginAndRootVC */ = {
			isa = PBXGroup;
			children = (
				84A3408B1CD6243500E0123F /* loginViewCtr */,
				84A340B71CD6334700E0123F /* 弃用的longinVC */,
				8403F0231CD21C0A008F8A06 /* RootTabbarController.h */,
				8403F0241CD21C0A008F8A06 /* RootTabbarController.m */,
				84A4B01F1CD7AAD700AD11E5 /* bg.png */,
			);
			name = LoginAndRootVC;
			sourceTree = "<group>";
		};
		84981E741CD4BEE50024D414 /* 主页 */ = {
			isa = PBXGroup;
			children = (
				84A4B0DB1CD8AF6D00AD11E5 /* 5.jpg */,
				84A4B0DC1CD8AF6D00AD11E5 /* 6.jpg */,
				84A4B0DD1CD8AF6D00AD11E5 /* 7.jpg */,
				84A4B0D21CD8AE8500AD11E5 /* tabBarIcon */,
				84A4B0B41CD8820200AD11E5 /* cellImg */,
				84A4B0B91CD8820200AD11E5 /* homeBtnImg */,
				84A4B0751CD83D7B00AD11E5 /* homeCell */,
				84A4B03A1CD830EC00AD11E5 /* imgZQ */,
				84981E601CD4BCE30024D414 /* HomeViewController.h */,
				84981E611CD4BCE30024D414 /* HomeViewController.m */,
				84981E621CD4BCE30024D414 /* HomeViewController.xib */,
			);
			name = "主页";
			sourceTree = "<group>";
		};
		84981E751CD4BEF00024D414 /* 我的 */ = {
			isa = PBXGroup;
			children = (
				84981E651CD4BD270024D414 /* MineViewController.h */,
				84981E661CD4BD270024D414 /* MineViewController.m */,
				84981E671CD4BD270024D414 /* MineViewController.xib */,
			);
			name = "我的";
			sourceTree = "<group>";
		};
		84981E761CD4BEF60024D414 /* 消息 */ = {
			isa = PBXGroup;
			children = (
				84981E6A1CD4BD350024D414 /* MessageViewController.h */,
				84981E6B1CD4BD350024D414 /* MessageViewController.m */,
				84981E6C1CD4BD350024D414 /* MessageViewController.xib */,
			);
			name = "消息";
			sourceTree = "<group>";
		};
		84981E771CD4BEFC0024D414 /* 附近 */ = {
			isa = PBXGroup;
			children = (
				84981E6F1CD4BD640024D414 /* NearViewController.h */,
				84981E701CD4BD640024D414 /* NearViewController.m */,
				84981E711CD4BD640024D414 /* NearViewController.xib */,
			);
			name = "附近";
			sourceTree = "<group>";
		};
		84981E791CD4BF450024D414 /* Tool */ = {
			isa = PBXGroup;
			children = (
				84A4B0431CD8311800AD11E5 /* SDWebImage */,
				84A4B0231CD8302100AD11E5 /* SDCycleScrollView */,
				84981E7C1CD4C0E30024D414 /* Tool.h */,
			);
			name = Tool;
			sourceTree = "<group>";
		};
		84A340711CD61E6800E0123F /* loginImg */ = {
			isa = PBXGroup;
			children = (
				84A340A21CD626C300E0123F /* mm_normal.png */,
				84A340A01CD626A800E0123F /* ic_landing_nickname.png */,
				84A340721CD61E6800E0123F /* touxiang_login.png */,
				84A340731CD61E6800E0123F /* password_login.png */,
				84A340741CD61E6800E0123F /* remember_login.png */,
				84A340751CD61E6800E0123F /* name_login.png */,
				84A340761CD61E6800E0123F /* weixin.png */,
				84A340771CD61E6800E0123F /* weibo.png */,
				84A340781CD61E6800E0123F /* QQ.png */,
				84A340791CD61E6800E0123F /* unRemember_login.png */,
				84A3407A1CD61E6800E0123F /* shouji_login.png */,
				84A3407B1CD61E6800E0123F /* 11.png */,
				84A3407C1CD61E6800E0123F /* 12.png */,
				84A3409E1CD6249900E0123F /* login_Bg.jpg */,
			);
			path = loginImg;
			sourceTree = "<group>";
		};
		84A3408B1CD6243500E0123F /* loginViewCtr */ = {
			isa = PBXGroup;
			children = (
				84A3408C1CD6243500E0123F /* forgetPassWardViewController.h */,
				84A3408D1CD6243500E0123F /* forgetPassWardViewController.m */,
				84A3408E1CD6243500E0123F /* MMZCHMViewController.h */,
				84A3408F1CD6243500E0123F /* MMZCHMViewController.m */,
				84A340901CD6243500E0123F /* MMZCViewController.h */,
				84A340911CD6243500E0123F /* MMZCViewController.m */,
				84A340921CD6243500E0123F /* newPassWardViewController.h */,
				84A340931CD6243500E0123F /* newPassWardViewController.m */,
				84A340941CD6243500E0123F /* settingPassWardViewController.h */,
				84A340951CD6243500E0123F /* settingPassWardViewController.m */,
				84A340961CD6243500E0123F /* settinhHeaderViewController.h */,
				84A340971CD6243500E0123F /* settinhHeaderViewController.m */,
			);
			path = loginViewCtr;
			sourceTree = "<group>";
		};
		84A340B71CD6334700E0123F /* 弃用的longinVC */ = {
			isa = PBXGroup;
			children = (
				8403F0201CD21C0A008F8A06 /* LoginViewController.h */,
				8403F0211CD21C0A008F8A06 /* LoginViewController.m */,
				8403F0221CD21C0A008F8A06 /* LoginViewController.xib */,
			);
			name = "弃用的longinVC";
			sourceTree = "<group>";
		};
		84A4B0231CD8302100AD11E5 /* SDCycleScrollView */ = {
			isa = PBXGroup;
			children = (
				84A4B0241CD8302100AD11E5 /* PageControl */,
				84A4B02D1CD8302100AD11E5 /* SDCollectionViewCell.h */,
				84A4B02E1CD8302100AD11E5 /* SDCollectionViewCell.m */,
				84A4B02F1CD8302100AD11E5 /* SDCycleScrollView.h */,
				84A4B0301CD8302100AD11E5 /* SDCycleScrollView.m */,
				84A4B0311CD8302100AD11E5 /* UIView+SDExtension.h */,
				84A4B0321CD8302100AD11E5 /* UIView+SDExtension.m */,
			);
			path = SDCycleScrollView;
			sourceTree = "<group>";
		};
		84A4B0241CD8302100AD11E5 /* PageControl */ = {
			isa = PBXGroup;
			children = (
				84A4B0251CD8302100AD11E5 /* TAAbstractDotView.h */,
				84A4B0261CD8302100AD11E5 /* TAAbstractDotView.m */,
				84A4B0271CD8302100AD11E5 /* TAAnimatedDotView.h */,
				84A4B0281CD8302100AD11E5 /* TAAnimatedDotView.m */,
				84A4B0291CD8302100AD11E5 /* TADotView.h */,
				84A4B02A1CD8302100AD11E5 /* TADotView.m */,
				84A4B02B1CD8302100AD11E5 /* TAPageControl.h */,
				84A4B02C1CD8302100AD11E5 /* TAPageControl.m */,
			);
			path = PageControl;
			sourceTree = "<group>";
		};
		84A4B03A1CD830EC00AD11E5 /* imgZQ */ = {
			isa = PBXGroup;
			children = (
				84A4B03B1CD830EC00AD11E5 /* zq1.jpg */,
				84A4B03C1CD830EC00AD11E5 /* zq2.jpg */,
				84A4B03D1CD830EC00AD11E5 /* zq3.jpg */,
				84A4B03E1CD830EC00AD11E5 /* zq4.jpg */,
			);
			path = imgZQ;
			sourceTree = "<group>";
		};
		84A4B0431CD8311800AD11E5 /* SDWebImage */ = {
			isa = PBXGroup;
			children = (
				84A4B0441CD8311800AD11E5 /* MKAnnotationView+WebCache.h */,
				84A4B0451CD8311800AD11E5 /* MKAnnotationView+WebCache.m */,
				84A4B0461CD8311800AD11E5 /* NSData+ImageContentType.h */,
				84A4B0471CD8311800AD11E5 /* NSData+ImageContentType.m */,
				84A4B0481CD8311800AD11E5 /* SDImageCache.h */,
				84A4B0491CD8311800AD11E5 /* SDImageCache.m */,
				84A4B04A1CD8311800AD11E5 /* SDWebImageCompat.h */,
				84A4B04B1CD8311800AD11E5 /* SDWebImageCompat.m */,
				84A4B04C1CD8311800AD11E5 /* SDWebImageDecoder.h */,
				84A4B04D1CD8311800AD11E5 /* SDWebImageDecoder.m */,
				84A4B04E1CD8311800AD11E5 /* SDWebImageDownloader.h */,
				84A4B04F1CD8311800AD11E5 /* SDWebImageDownloader.m */,
				84A4B0501CD8311800AD11E5 /* SDWebImageDownloaderOperation.h */,
				84A4B0511CD8311800AD11E5 /* SDWebImageDownloaderOperation.m */,
				84A4B0521CD8311800AD11E5 /* SDWebImageManager.h */,
				84A4B0531CD8311800AD11E5 /* SDWebImageManager.m */,
				84A4B0541CD8311800AD11E5 /* SDWebImageOperation.h */,
				84A4B0551CD8311800AD11E5 /* SDWebImagePrefetcher.h */,
				84A4B0561CD8311800AD11E5 /* SDWebImagePrefetcher.m */,
				84A4B0571CD8311800AD11E5 /* UIButton+WebCache.h */,
				84A4B0581CD8311800AD11E5 /* UIButton+WebCache.m */,
				84A4B0591CD8311800AD11E5 /* UIImage+GIF.h */,
				84A4B05A1CD8311800AD11E5 /* UIImage+GIF.m */,
				84A4B05B1CD8311800AD11E5 /* UIImage+MultiFormat.h */,
				84A4B05C1CD8311800AD11E5 /* UIImage+MultiFormat.m */,
				84A4B05D1CD8311800AD11E5 /* UIImage+WebP.h */,
				84A4B05E1CD8311800AD11E5 /* UIImage+WebP.m */,
				84A4B05F1CD8311800AD11E5 /* UIImageView+HighlightedWebCache.h */,
				84A4B0601CD8311800AD11E5 /* UIImageView+HighlightedWebCache.m */,
				84A4B0611CD8311800AD11E5 /* UIImageView+WebCache.h */,
				84A4B0621CD8311800AD11E5 /* UIImageView+WebCache.m */,
				84A4B0631CD8311800AD11E5 /* UIView+WebCacheOperation.h */,
				84A4B0641CD8311800AD11E5 /* UIView+WebCacheOperation.m */,
			);
			path = SDWebImage;
			sourceTree = "<group>";
		};
		84A4B0751CD83D7B00AD11E5 /* homeCell */ = {
			isa = PBXGroup;
			children = (
				84A4B07C1CD8412E00AD11E5 /* HomeCell.h */,
				84A4B07D1CD8412E00AD11E5 /* HomeCell.m */,
				84A4B07E1CD8412E00AD11E5 /* HomeCell.xib */,
			);
			path = homeCell;
			sourceTree = "<group>";
		};
		84A4B0B41CD8820200AD11E5 /* cellImg */ = {
			isa = PBXGroup;
			children = (
				84A4B0CA1CD8834400AD11E5 /* 06.png */,
				84A4B0B51CD8820200AD11E5 /* 005.png */,
				84A4B0B61CD8820200AD11E5 /* 006.png */,
				84A4B0B71CD8820200AD11E5 /* 007.png */,
				84A4B0B81CD8820200AD11E5 /* 008.png */,
			);
			path = cellImg;
			sourceTree = "<group>";
		};
		84A4B0B91CD8820200AD11E5 /* homeBtnImg */ = {
			isa = PBXGroup;
			children = (
				84A4B0CC1CD89EA900AD11E5 /* icon_homepage_scan@2x.png */,
				84A4B0CD1CD89EA900AD11E5 /* icon_homepage_navArrow.png */,
				84A4B0C81CD8825500AD11E5 /* 001.png */,
				84A4B0BB1CD8820200AD11E5 /* 002.png */,
				84A4B0BC1CD8820200AD11E5 /* 003.png */,
				84A4B0BD1CD8820200AD11E5 /* 004.png */,
			);
			path = homeBtnImg;
			sourceTree = "<group>";
		};
		84A4B0D21CD8AE8500AD11E5 /* tabBarIcon */ = {
			isa = PBXGroup;
			children = (
				84A4B0D31CD8AE8500AD11E5 /* 009.png */,
				84A4B0D41CD8AE8500AD11E5 /* 010.png */,
				84A4B0D51CD8AE8500AD11E5 /* 011.png */,
				84A4B0D61CD8AE8500AD11E5 /* 012.png */,
			);
			path = tabBarIcon;
			sourceTree = "<group>";
		};
/* End PBXGroup section */

/* Begin PBXNativeTarget section */
		8403EFA81CD045E1008F8A06 /* PlantBox */ = {
			isa = PBXNativeTarget;
			buildConfigurationList = 8403EFD61CD045E1008F8A06 /* Build configuration list for PBXNativeTarget "PlantBox" */;
			buildPhases = (
				8403EFA51CD045E1008F8A06 /* Sources */,
				8403EFA61CD045E1008F8A06 /* Frameworks */,
				8403EFA71CD045E1008F8A06 /* Resources */,
			);
			buildRules = (
			);
			dependencies = (
			);
			name = PlantBox;
			productName = PlantBox;
			productReference = 8403EFA91CD045E1008F8A06 /* PlantBox.app */;
			productType = "com.apple.product-type.application";
		};
		8403EFC11CD045E1008F8A06 /* PlantBoxTests */ = {
			isa = PBXNativeTarget;
			buildConfigurationList = 8403EFD91CD045E1008F8A06 /* Build configuration list for PBXNativeTarget "PlantBoxTests" */;
			buildPhases = (
				8403EFBE1CD045E1008F8A06 /* Sources */,
				8403EFBF1CD045E1008F8A06 /* Frameworks */,
				8403EFC01CD045E1008F8A06 /* Resources */,
			);
			buildRules = (
			);
			dependencies = (
				8403EFC41CD045E1008F8A06 /* PBXTargetDependency */,
			);
			name = PlantBoxTests;
			productName = PlantBoxTests;
			productReference = 8403EFC21CD045E1008F8A06 /* PlantBoxTests.xctest */;
			productType = "com.apple.product-type.bundle.unit-test";
		};
		8403EFCC1CD045E1008F8A06 /* PlantBoxUITests */ = {
			isa = PBXNativeTarget;
			buildConfigurationList = 8403EFDC1CD045E1008F8A06 /* Build configuration list for PBXNativeTarget "PlantBoxUITests" */;
			buildPhases = (
				8403EFC91CD045E1008F8A06 /* Sources */,
				8403EFCA1CD045E1008F8A06 /* Frameworks */,
				8403EFCB1CD045E1008F8A06 /* Resources */,
			);
			buildRules = (
			);
			dependencies = (
				8403EFCF1CD045E1008F8A06 /* PBXTargetDependency */,
			);
			name = PlantBoxUITests;
			productName = PlantBoxUITests;
			productReference = 8403EFCD1CD045E1008F8A06 /* PlantBoxUITests.xctest */;
			productType = "com.apple.product-type.bundle.ui-testing";
		};
/* End PBXNativeTarget section */

/* Begin PBXProject section */
		8403EFA11CD045E1008F8A06 /* Project object */ = {
			isa = PBXProject;
			attributes = {
				LastUpgradeCheck = 0720;
				ORGANIZATIONNAME = JCK;
				TargetAttributes = {
					8403EFA81CD045E1008F8A06 = {
						CreatedOnToolsVersion = 7.2.1;
					};
					8403EFC11CD045E1008F8A06 = {
						CreatedOnToolsVersion = 7.2.1;
						TestTargetID = 8403EFA81CD045E1008F8A06;
					};
					8403EFCC1CD045E1008F8A06 = {
						CreatedOnToolsVersion = 7.2.1;
						TestTargetID = 8403EFA81CD045E1008F8A06;
					};
				};
			};
			buildConfigurationList = 8403EFA41CD045E1008F8A06 /* Build configuration list for PBXProject "PlantBox" */;
			compatibilityVersion = "Xcode 3.2";
			developmentRegion = English;
			hasScannedForEncodings = 0;
			knownRegions = (
				en,
				Base,
			);
			mainGroup = 8403EFA01CD045E1008F8A06;
			productRefGroup = 8403EFAA1CD045E1008F8A06 /* Products */;
			projectDirPath = "";
			projectRoot = "";
			targets = (
				8403EFA81CD045E1008F8A06 /* PlantBox */,
				8403EFC11CD045E1008F8A06 /* PlantBoxTests */,
				8403EFCC1CD045E1008F8A06 /* PlantBoxUITests */,
			);
		};
/* End PBXProject section */

/* Begin PBXResourcesBuildPhase section */
		8403EFA71CD045E1008F8A06 /* Resources */ = {
			isa = PBXResourcesBuildPhase;
			buildActionMask = 2147483647;
			files = (
				84A4B0DA1CD8AE8500AD11E5 /* 012.png in Resources */,
				84A340841CD61E6800E0123F /* QQ.png in Resources */,
				84A340851CD61E6800E0123F /* unRemember_login.png in Resources */,
				84A4B0BE1CD8820200AD11E5 /* 005.png in Resources */,
				84A340821CD61E6800E0123F /* weixin.png in Resources */,
				84A3407E1CD61E6800E0123F /* touxiang_login.png in Resources */,
				84A4B0C01CD8820200AD11E5 /* 007.png in Resources */,
				84A340861CD61E6800E0123F /* shouji_login.png in Resources */,
				8403F0261CD21C0A008F8A06 /* LoginViewController.xib in Resources */,
				84A4B0DF1CD8AF6D00AD11E5 /* 6.jpg in Resources */,
				8403EFBC1CD045E1008F8A06 /* LaunchScreen.storyboard in Resources */,
				84A4B0401CD830EC00AD11E5 /* zq2.jpg in Resources */,
				84981E641CD4BCE30024D414 /* HomeViewController.xib in Resources */,
				84A4B0D71CD8AE8500AD11E5 /* 009.png in Resources */,
				84A4B0D91CD8AE8500AD11E5 /* 011.png in Resources */,
				84A340831CD61E6800E0123F /* weibo.png in Resources */,
				84981E6E1CD4BD350024D414 /* MessageViewController.xib in Resources */,
				84A3407F1CD61E6800E0123F /* password_login.png in Resources */,
				84A4B0421CD830EC00AD11E5 /* zq4.jpg in Resources */,
				84A4B0D81CD8AE8500AD11E5 /* 010.png in Resources */,
				84A4B0411CD830EC00AD11E5 /* zq3.jpg in Resources */,
				84A4B0801CD8412E00AD11E5 /* HomeCell.xib in Resources */,
				84A340801CD61E6800E0123F /* remember_login.png in Resources */,
				84A4B0CE1CD89EA900AD11E5 /* icon_homepage_scan@2x.png in Resources */,
				84A4B0C51CD8820200AD11E5 /* 004.png in Resources */,
				84A4B0C11CD8820200AD11E5 /* 008.png in Resources */,
				84981E731CD4BD640024D414 /* NearViewController.xib in Resources */,
				84A340871CD61E6800E0123F /* 11.png in Resources */,
				84A4B0C41CD8820200AD11E5 /* 003.png in Resources */,
				84A4B0C31CD8820200AD11E5 /* 002.png in Resources */,
				8403EFB91CD045E1008F8A06 /* Assets.xcassets in Resources */,
				84A340A31CD626C300E0123F /* mm_normal.png in Resources */,
				84A340811CD61E6800E0123F /* name_login.png in Resources */,
				84A4B0E01CD8AF6D00AD11E5 /* 7.jpg in Resources */,
				84A4B0CF1CD89EA900AD11E5 /* icon_homepage_navArrow.png in Resources */,
				84A4B0DE1CD8AF6D00AD11E5 /* 5.jpg in Resources */,
				84A4B0C91CD8825500AD11E5 /* 001.png in Resources */,
				8403EFB71CD045E1008F8A06 /* Main.storyboard in Resources */,
				84A4B03F1CD830EC00AD11E5 /* zq1.jpg in Resources */,
				84A4B0BF1CD8820200AD11E5 /* 006.png in Resources */,
				84A3409F1CD6249900E0123F /* login_Bg.jpg in Resources */,
				84A340A11CD626A800E0123F /* ic_landing_nickname.png in Resources */,
				84981E691CD4BD270024D414 /* MineViewController.xib in Resources */,
				84A4B0CB1CD8834400AD11E5 /* 06.png in Resources */,
				84A4B0201CD7AAD700AD11E5 /* bg.png in Resources */,
				84A340881CD61E6800E0123F /* 12.png in Resources */,
			);
			runOnlyForDeploymentPostprocessing = 0;
		};
		8403EFC01CD045E1008F8A06 /* Resources */ = {
			isa = PBXResourcesBuildPhase;
			buildActionMask = 2147483647;
			files = (
			);
			runOnlyForDeploymentPostprocessing = 0;
		};
		8403EFCB1CD045E1008F8A06 /* Resources */ = {
			isa = PBXResourcesBuildPhase;
			buildActionMask = 2147483647;
			files = (
			);
			runOnlyForDeploymentPostprocessing = 0;
		};
/* End PBXResourcesBuildPhase section */

/* Begin PBXSourcesBuildPhase section */
		8403EFA51CD045E1008F8A06 /* Sources */ = {
			isa = PBXSourcesBuildPhase;
			buildActionMask = 2147483647;
			files = (
				84A4B06F1CD8311800AD11E5 /* UIImage+GIF.m in Sources */,
				8403F0251CD21C0A008F8A06 /* LoginViewController.m in Sources */,
				84A4B07F1CD8412E00AD11E5 /* HomeCell.m in Sources */,
				84A4B0381CD8302100AD11E5 /* SDCycleScrollView.m in Sources */,
				84A4B0351CD8302100AD11E5 /* TADotView.m in Sources */,
				84A340991CD6243500E0123F /* MMZCHMViewController.m in Sources */,
				84A4B0371CD8302100AD11E5 /* SDCollectionViewCell.m in Sources */,
				84A4B06E1CD8311800AD11E5 /* UIButton+WebCache.m in Sources */,
				84981E681CD4BD270024D414 /* MineViewController.m in Sources */,
				84A4B0701CD8311800AD11E5 /* UIImage+MultiFormat.m in Sources */,
				8403EFB41CD045E1008F8A06 /* ViewController.m in Sources */,
				84A4B0691CD8311800AD11E5 /* SDWebImageDecoder.m in Sources */,
				8403EFB11CD045E1008F8A06 /* AppDelegate.m in Sources */,
				84A4B0731CD8311800AD11E5 /* UIImageView+WebCache.m in Sources */,
				84A4B0341CD8302100AD11E5 /* TAAnimatedDotView.m in Sources */,
				84A3409B1CD6243500E0123F /* newPassWardViewController.m in Sources */,
				84A4B0661CD8311800AD11E5 /* NSData+ImageContentType.m in Sources */,
				84A4B06A1CD8311800AD11E5 /* SDWebImageDownloader.m in Sources */,
				8403F0271CD21C0A008F8A06 /* RootTabbarController.m in Sources */,
				8403EFAE1CD045E1008F8A06 /* main.m in Sources */,
				84A4B0721CD8311800AD11E5 /* UIImageView+HighlightedWebCache.m in Sources */,
				84A340981CD6243500E0123F /* forgetPassWardViewController.m in Sources */,
				84A4B0331CD8302100AD11E5 /* TAAbstractDotView.m in Sources */,
				84A3409D1CD6243500E0123F /* settinhHeaderViewController.m in Sources */,
				84A4B0391CD8302100AD11E5 /* UIView+SDExtension.m in Sources */,
				84A4B0741CD8311800AD11E5 /* UIView+WebCacheOperation.m in Sources */,
				84A4B0681CD8311800AD11E5 /* SDWebImageCompat.m in Sources */,
				84A4B0361CD8302100AD11E5 /* TAPageControl.m in Sources */,
				84A4B0651CD8311800AD11E5 /* MKAnnotationView+WebCache.m in Sources */,
				84981E6D1CD4BD350024D414 /* MessageViewController.m in Sources */,
				84A3409C1CD6243500E0123F /* settingPassWardViewController.m in Sources */,
				84A4B06D1CD8311800AD11E5 /* SDWebImagePrefetcher.m in Sources */,
				84A3409A1CD6243500E0123F /* MMZCViewController.m in Sources */,
				84A4B06B1CD8311800AD11E5 /* SDWebImageDownloaderOperation.m in Sources */,
				84981E721CD4BD640024D414 /* NearViewController.m in Sources */,
				84A4B06C1CD8311800AD11E5 /* SDWebImageManager.m in Sources */,
				84A4B0711CD8311800AD11E5 /* UIImage+WebP.m in Sources */,
				84981E631CD4BCE30024D414 /* HomeViewController.m in Sources */,
				84A4B0671CD8311800AD11E5 /* SDImageCache.m in Sources */,
			);
			runOnlyForDeploymentPostprocessing = 0;
		};
		8403EFBE1CD045E1008F8A06 /* Sources */ = {
			isa = PBXSourcesBuildPhase;
			buildActionMask = 2147483647;
			files = (
				8403EFC71CD045E1008F8A06 /* PlantBoxTests.m in Sources */,
			);
			runOnlyForDeploymentPostprocessing = 0;
		};
		8403EFC91CD045E1008F8A06 /* Sources */ = {
			isa = PBXSourcesBuildPhase;
			buildActionMask = 2147483647;
			files = (
				8403EFD21CD045E1008F8A06 /* PlantBoxUITests.m in Sources */,
			);
			runOnlyForDeploymentPostprocessing = 0;
		};
/* End PBXSourcesBuildPhase section */

/* Begin PBXTargetDependency section */
		8403EFC41CD045E1008F8A06 /* PBXTargetDependency */ = {
			isa = PBXTargetDependency;
			target = 8403EFA81CD045E1008F8A06 /* PlantBox */;
			targetProxy = 8403EFC31CD045E1008F8A06 /* PBXContainerItemProxy */;
		};
		8403EFCF1CD045E1008F8A06 /* PBXTargetDependency */ = {
			isa = PBXTargetDependency;
			target = 8403EFA81CD045E1008F8A06 /* PlantBox */;
			targetProxy = 8403EFCE1CD045E1008F8A06 /* PBXContainerItemProxy */;
		};
/* End PBXTargetDependency section */

/* Begin PBXVariantGroup section */
		8403EFB51CD045E1008F8A06 /* Main.storyboard */ = {
			isa = PBXVariantGroup;
			children = (
				8403EFB61CD045E1008F8A06 /* Base */,
			);
			name = Main.storyboard;
			sourceTree = "<group>";
		};
		8403EFBA1CD045E1008F8A06 /* LaunchScreen.storyboard */ = {
			isa = PBXVariantGroup;
			children = (
				8403EFBB1CD045E1008F8A06 /* Base */,
			);
			name = LaunchScreen.storyboard;
			sourceTree = "<group>";
		};
/* End PBXVariantGroup section */

/* Begin XCBuildConfiguration section */
		8403EFD41CD045E1008F8A06 /* Debug */ = {
			isa = XCBuildConfiguration;
			buildSettings = {
				ALWAYS_SEARCH_USER_PATHS = NO;
				CLANG_CXX_LANGUAGE_STANDARD = "gnu++0x";
				CLANG_CXX_LIBRARY = "libc++";
				CLANG_ENABLE_MODULES = YES;
				CLANG_ENABLE_OBJC_ARC = YES;
				CLANG_WARN_BOOL_CONVERSION = YES;
				CLANG_WARN_CONSTANT_CONVERSION = YES;
				CLANG_WARN_DIRECT_OBJC_ISA_USAGE = YES_ERROR;
				CLANG_WARN_EMPTY_BODY = YES;
				CLANG_WARN_ENUM_CONVERSION = YES;
				CLANG_WARN_INT_CONVERSION = YES;
				CLANG_WARN_OBJC_ROOT_CLASS = YES_ERROR;
				CLANG_WARN_UNREACHABLE_CODE = YES;
				CLANG_WARN__DUPLICATE_METHOD_MATCH = YES;
				"CODE_SIGN_IDENTITY[sdk=iphoneos*]" = "iPhone Developer";
				COPY_PHASE_STRIP = NO;
				DEBUG_INFORMATION_FORMAT = dwarf;
				ENABLE_STRICT_OBJC_MSGSEND = YES;
				ENABLE_TESTABILITY = YES;
				GCC_C_LANGUAGE_STANDARD = gnu99;
				GCC_DYNAMIC_NO_PIC = NO;
				GCC_NO_COMMON_BLOCKS = YES;
				GCC_OPTIMIZATION_LEVEL = 0;
				GCC_PREPROCESSOR_DEFINITIONS = (
					"DEBUG=1",
					"$(inherited)",
				);
				GCC_WARN_64_TO_32_BIT_CONVERSION = YES;
				GCC_WARN_ABOUT_RETURN_TYPE = YES_ERROR;
				GCC_WARN_UNDECLARED_SELECTOR = YES;
				GCC_WARN_UNINITIALIZED_AUTOS = YES_AGGRESSIVE;
				GCC_WARN_UNUSED_FUNCTION = YES;
				GCC_WARN_UNUSED_VARIABLE = YES;
				IPHONEOS_DEPLOYMENT_TARGET = 9.2;
				MTL_ENABLE_DEBUG_INFO = YES;
				ONLY_ACTIVE_ARCH = YES;
				SDKROOT = iphoneos;
			};
			name = Debug;
		};
		8403EFD51CD045E1008F8A06 /* Release */ = {
			isa = XCBuildConfiguration;
			buildSettings = {
				ALWAYS_SEARCH_USER_PATHS = NO;
				CLANG_CXX_LANGUAGE_STANDARD = "gnu++0x";
				CLANG_CXX_LIBRARY = "libc++";
				CLANG_ENABLE_MODULES = YES;
				CLANG_ENABLE_OBJC_ARC = YES;
				CLANG_WARN_BOOL_CONVERSION = YES;
				CLANG_WARN_CONSTANT_CONVERSION = YES;
				CLANG_WARN_DIRECT_OBJC_ISA_USAGE = YES_ERROR;
				CLANG_WARN_EMPTY_BODY = YES;
				CLANG_WARN_ENUM_CONVERSION = YES;
				CLANG_WARN_INT_CONVERSION = YES;
				CLANG_WARN_OBJC_ROOT_CLASS = YES_ERROR;
				CLANG_WARN_UNREACHABLE_CODE = YES;
				CLANG_WARN__DUPLICATE_METHOD_MATCH = YES;
				"CODE_SIGN_IDENTITY[sdk=iphoneos*]" = "iPhone Developer";
				COPY_PHASE_STRIP = NO;
				DEBUG_INFORMATION_FORMAT = "dwarf-with-dsym";
				ENABLE_NS_ASSERTIONS = NO;
				ENABLE_STRICT_OBJC_MSGSEND = YES;
				GCC_C_LANGUAGE_STANDARD = gnu99;
				GCC_NO_COMMON_BLOCKS = YES;
				GCC_WARN_64_TO_32_BIT_CONVERSION = YES;
				GCC_WARN_ABOUT_RETURN_TYPE = YES_ERROR;
				GCC_WARN_UNDECLARED_SELECTOR = YES;
				GCC_WARN_UNINITIALIZED_AUTOS = YES_AGGRESSIVE;
				GCC_WARN_UNUSED_FUNCTION = YES;
				GCC_WARN_UNUSED_VARIABLE = YES;
				IPHONEOS_DEPLOYMENT_TARGET = 9.2;
				MTL_ENABLE_DEBUG_INFO = NO;
				SDKROOT = iphoneos;
				VALIDATE_PRODUCT = YES;
			};
			name = Release;
		};
		8403EFD71CD045E1008F8A06 /* Debug */ = {
			isa = XCBuildConfiguration;
			buildSettings = {
				ASSETCATALOG_COMPILER_APPICON_NAME = AppIcon;
				GCC_PREFIX_HEADER = PlantBox/PrefixHeader.pch;
				INFOPLIST_FILE = PlantBox/Info.plist;
				IPHONEOS_DEPLOYMENT_TARGET = 8.0;
				LD_RUNPATH_SEARCH_PATHS = "$(inherited) @executable_path/Frameworks";
				PRODUCT_BUNDLE_IDENTIFIER = JCK.PlantBox;
				PRODUCT_NAME = "$(TARGET_NAME)";
			};
			name = Debug;
		};
		8403EFD81CD045E1008F8A06 /* Release */ = {
			isa = XCBuildConfiguration;
			buildSettings = {
				ASSETCATALOG_COMPILER_APPICON_NAME = AppIcon;
				GCC_PREFIX_HEADER = PlantBox/PrefixHeader.pch;
				INFOPLIST_FILE = PlantBox/Info.plist;
				IPHONEOS_DEPLOYMENT_TARGET = 8.0;
				LD_RUNPATH_SEARCH_PATHS = "$(inherited) @executable_path/Frameworks";
				PRODUCT_BUNDLE_IDENTIFIER = JCK.PlantBox;
				PRODUCT_NAME = "$(TARGET_NAME)";
			};
			name = Release;
		};
		8403EFDA1CD045E1008F8A06 /* Debug */ = {
			isa = XCBuildConfiguration;
			buildSettings = {
				BUNDLE_LOADER = "$(TEST_HOST)";
				INFOPLIST_FILE = PlantBoxTests/Info.plist;
				LD_RUNPATH_SEARCH_PATHS = "$(inherited) @executable_path/Frameworks @loader_path/Frameworks";
				PRODUCT_BUNDLE_IDENTIFIER = JCK.PlantBoxTests;
				PRODUCT_NAME = "$(TARGET_NAME)";
				TEST_HOST = "$(BUILT_PRODUCTS_DIR)/PlantBox.app/PlantBox";
			};
			name = Debug;
		};
		8403EFDB1CD045E1008F8A06 /* Release */ = {
			isa = XCBuildConfiguration;
			buildSettings = {
				BUNDLE_LOADER = "$(TEST_HOST)";
				INFOPLIST_FILE = PlantBoxTests/Info.plist;
				LD_RUNPATH_SEARCH_PATHS = "$(inherited) @executable_path/Frameworks @loader_path/Frameworks";
				PRODUCT_BUNDLE_IDENTIFIER = JCK.PlantBoxTests;
				PRODUCT_NAME = "$(TARGET_NAME)";
				TEST_HOST = "$(BUILT_PRODUCTS_DIR)/PlantBox.app/PlantBox";
			};
			name = Release;
		};
		8403EFDD1CD045E1008F8A06 /* Debug */ = {
			isa = XCBuildConfiguration;
			buildSettings = {
				INFOPLIST_FILE = PlantBoxUITests/Info.plist;
				LD_RUNPATH_SEARCH_PATHS = "$(inherited) @executable_path/Frameworks @loader_path/Frameworks";
				PRODUCT_BUNDLE_IDENTIFIER = JCK.PlantBoxUITests;
				PRODUCT_NAME = "$(TARGET_NAME)";
				TEST_TARGET_NAME = PlantBox;
				USES_XCTRUNNER = YES;
			};
			name = Debug;
		};
		8403EFDE1CD045E1008F8A06 /* Release */ = {
			isa = XCBuildConfiguration;
			buildSettings = {
				INFOPLIST_FILE = PlantBoxUITests/Info.plist;
				LD_RUNPATH_SEARCH_PATHS = "$(inherited) @executable_path/Frameworks @loader_path/Frameworks";
				PRODUCT_BUNDLE_IDENTIFIER = JCK.PlantBoxUITests;
				PRODUCT_NAME = "$(TARGET_NAME)";
				TEST_TARGET_NAME = PlantBox;
				USES_XCTRUNNER = YES;
			};
			name = Release;
		};
/* End XCBuildConfiguration section */

/* Begin XCConfigurationList section */
		8403EFA41CD045E1008F8A06 /* Build configuration list for PBXProject "PlantBox" */ = {
			isa = XCConfigurationList;
			buildConfigurations = (
				8403EFD41CD045E1008F8A06 /* Debug */,
				8403EFD51CD045E1008F8A06 /* Release */,
			);
			defaultConfigurationIsVisible = 0;
			defaultConfigurationName = Release;
		};
		8403EFD61CD045E1008F8A06 /* Build configuration list for PBXNativeTarget "PlantBox" */ = {
			isa = XCConfigurationList;
			buildConfigurations = (
				8403EFD71CD045E1008F8A06 /* Debug */,
				8403EFD81CD045E1008F8A06 /* Release */,
			);
			defaultConfigurationIsVisible = 0;
			defaultConfigurationName = Release;
		};
		8403EFD91CD045E1008F8A06 /* Build configuration list for PBXNativeTarget "PlantBoxTests" */ = {
			isa = XCConfigurationList;
			buildConfigurations = (
				8403EFDA1CD045E1008F8A06 /* Debug */,
				8403EFDB1CD045E1008F8A06 /* Release */,
			);
			defaultConfigurationIsVisible = 0;
			defaultConfigurationName = Release;
		};
		8403EFDC1CD045E1008F8A06 /* Build configuration list for PBXNativeTarget "PlantBoxUITests" */ = {
			isa = XCConfigurationList;
			buildConfigurations = (
				8403EFDD1CD045E1008F8A06 /* Debug */,
				8403EFDE1CD045E1008F8A06 /* Release */,
			);
			defaultConfigurationIsVisible = 0;
			defaultConfigurationName = Release;
		};
/* End XCConfigurationList section */
	};
	rootObject = 8403EFA11CD045E1008F8A06 /* Project object */;
}
